# This file is generated by running "yarn install" inside your project.
# Manual changes might be lost - proceed with caution!

__metadata:
  version: 6
  cacheKey: 8

"@babel/runtime@npm:^7.5.5, @babel/runtime@npm:^7.8.7":
  version: 7.21.0
  resolution: "@babel/runtime@npm:7.21.0"
  dependencies:
    regenerator-runtime: ^0.13.11
  checksum: 7b33e25bfa9e0e1b9e8828bb61b2d32bdd46b41b07ba7cb43319ad08efc6fda8eb89445193e67d6541814627df0ca59122c0ea795e412b99c5183a0540d338ab
  languageName: node
  linkType: hard

"babel-runtime@npm:^6.26.0":
  version: 6.26.0
  resolution: "babel-runtime@npm:6.26.0"
  dependencies:
    core-js: ^2.4.0
    regenerator-runtime: ^0.11.0
  checksum: 8aeade94665e67a73c1ccc10f6fd42ba0c689b980032b70929de7a6d9a12eb87ef51902733f8fefede35afea7a5c3ef7e916a64d503446c1eedc9e3284bd3d50
  languageName: node
  linkType: hard

"core-js@npm:^2.4.0":
  version: 2.6.12
  resolution: "core-js@npm:2.6.12"
  checksum: 44fa9934a85f8c78d61e0c8b7b22436330471ffe59ec5076fe7f324d6e8cf7f824b14b1c81ca73608b13bdb0fef035bd820989bf059767ad6fa13123bb8bd016
  languageName: node
  linkType: hard

"csstype@npm:^3.0.2":
  version: 3.1.1
  resolution: "csstype@npm:3.1.1"
  checksum: 1f7b4f5fdd955b7444b18ebdddf3f5c699159f13e9cf8ac9027ae4a60ae226aef9bbb14a6e12ca7dba3358b007cee6354b116e720262867c398de6c955ea451d
  languageName: node
  linkType: hard

"dom-helpers@npm:^5.0.1":
  version: 5.2.1
  resolution: "dom-helpers@npm:5.2.1"
  dependencies:
    "@babel/runtime": ^7.8.7
    csstype: ^3.0.2
  checksum: 863ba9e086f7093df3376b43e74ce4422571d404fc9828bf2c56140963d5edf0e56160f9b2f3bb61b282c07f8fc8134f023c98fd684bddcb12daf7b0f14d951c
  languageName: node
  linkType: hard

"js-tokens@npm:^3.0.0 || ^4.0.0":
  version: 4.0.0
  resolution: "js-tokens@npm:4.0.0"
  checksum: 8a95213a5a77deb6cbe94d86340e8d9ace2b93bc367790b260101d2f36a2eaf4e4e22d9fa9cf459b38af3a32fb4190e638024cf82ec95ef708680e405ea7cc78
  languageName: node
  linkType: hard

"loose-envify@npm:^1.4.0":
  version: 1.4.0
  resolution: "loose-envify@npm:1.4.0"
  dependencies:
    js-tokens: ^3.0.0 || ^4.0.0
  bin:
    loose-envify: cli.js
  checksum: 6517e24e0cad87ec9888f500c5b5947032cdfe6ef65e1c1936a0c48a524b81e65542c9c3edc91c97d5bddc806ee2a985dbc79be89215d613b1de5db6d1cfe6f4
  languageName: node
  linkType: hard

"lottie-web@npm:^5.1.3, lottie-web@npm:^5.10.2":
  version: 5.10.2
  resolution: "lottie-web@npm:5.10.2"
  checksum: 9ec80b479d8d03c079bd4f246d301f0c4aac2c4d6f8daaa79f6f3fc285aaba377c64879f6748d49c1db52b9854aea81c3203d858e9c686f7a47cd8b771d112d0
  languageName: node
  linkType: hard

"object-assign@npm:^4.1.1":
  version: 4.1.1
  resolution: "object-assign@npm:4.1.1"
  checksum: fcc6e4ea8c7fe48abfbb552578b1c53e0d194086e2e6bbbf59e0a536381a292f39943c6e9628af05b5528aa5e3318bb30d6b2e53cadaf5b8fe9e12c4b69af23f
  languageName: node
  linkType: hard

"prop-types@npm:^15.6.2":
  version: 15.8.1
  resolution: "prop-types@npm:15.8.1"
  dependencies:
    loose-envify: ^1.4.0
    object-assign: ^4.1.1
    react-is: ^16.13.1
  checksum: c056d3f1c057cb7ff8344c645450e14f088a915d078dcda795041765047fa080d38e5d626560ccaac94a4e16e3aa15f3557c1a9a8d1174530955e992c675e459
  languageName: node
  linkType: hard

"react-is@npm:^16.13.1":
  version: 16.13.1
  resolution: "react-is@npm:16.13.1"
  checksum: f7a19ac3496de32ca9ae12aa030f00f14a3d45374f1ceca0af707c831b2a6098ef0d6bdae51bd437b0a306d7f01d4677fcc8de7c0d331eb47ad0f46130e53c5f
  languageName: node
  linkType: hard

"react-lottie@npm:^1.2.3":
  version: 1.2.3
  resolution: "react-lottie@npm:1.2.3"
  dependencies:
    babel-runtime: ^6.26.0
    lottie-web: ^5.1.3
  peerDependencies:
    react: ^0.14.7 || ^15.0.0 || ^16.0.0
  checksum: 05326e40b45cb1f52efe324386875858cec4725392d98033f767566c2f101bdbf59111a42108596ef63c96c897f13cf8d3c612e7a288d0dee3e1b7fb1a7911a2
  languageName: node
  linkType: hard

"react-transition-group@npm:^4.4.5":
  version: 4.4.5
  resolution: "react-transition-group@npm:4.4.5"
  dependencies:
    "@babel/runtime": ^7.5.5
    dom-helpers: ^5.0.1
    loose-envify: ^1.4.0
    prop-types: ^15.6.2
  peerDependencies:
    react: ">=16.6.0"
    react-dom: ">=16.6.0"
  checksum: 75602840106aa9c6545149d6d7ae1502fb7b7abadcce70a6954c4b64a438ff1cd16fc77a0a1e5197cdd72da398f39eb929ea06f9005c45b132ed34e056ebdeb1
  languageName: node
  linkType: hard

"regenerator-runtime@npm:^0.11.0":
  version: 0.11.1
  resolution: "regenerator-runtime@npm:0.11.1"
  checksum: 3c97bd2c7b2b3247e6f8e2147a002eb78c995323732dad5dc70fac8d8d0b758d0295e7015b90d3d444446ae77cbd24b9f9123ec3a77018e81d8999818301b4f4
  languageName: node
  linkType: hard

"regenerator-runtime@npm:^0.13.11":
  version: 0.13.11
  resolution: "regenerator-runtime@npm:0.13.11"
  checksum: 27481628d22a1c4e3ff551096a683b424242a216fee44685467307f14d58020af1e19660bf2e26064de946bad7eff28950eae9f8209d55723e2d9351e632bbb4
  languageName: node
  linkType: hard

"root-workspace-0b6124@workspace:.":
  version: 0.0.0-use.local
  resolution: "root-workspace-0b6124@workspace:."
  dependencies:
    lottie-web: ^5.10.2
    react-lottie: ^1.2.3
    react-transition-group: ^4.4.5
  languageName: unknown
  linkType: soft
